{
  "object": {
    "pins": [
      {
        "package": "GLTFSceneKit",
        "repositoryURL": "https://github.com/kgn/GLTFSceneKit",
        "state": {
          "branch": "master",
          "revision": "e74abdd20a19d1fe0ca502d7d23444b97a6406a6",
          "version": null
        }
      },
      {
        "package": "Looping",
        "repositoryURL": "https://github.com/kgn/Looping.git",
        "state": {
          "branch": "master",
          "revision": "790f09c6708acaefb97b6f552e832458edaf05a6",
          "version": null
        }
      },
      {
        "package": "NFTKit",
        "repositoryURL": "https://github.com/kgn/NFTKit.git",
        "state": {
          "branch": "main",
          "revision": "dbdf80c69b45d5d9cfa03d23551c81d379863aeb",
          "version": null
        }
      },
      {
        "package": "SocketIO",
        "repositoryURL": "https://github.com/socketio/socket.io-client-swift",
        "state": {
          "branch": "master",
          "revision": "a1ed825835a2d8c2555938e96557ccc05e4bebf3",
          "version": null
        }
      },
      {
        "package": "Starscream",
        "repositoryURL": "https://github.com/daltoniam/Starscream",
        "state": {
          "branch": null,
          "revision": "df8d82047f6654d8e4b655d1b1525c64e1059d21",
          "version": "4.0.4"
        }
      }
    ]
  },
  "version": 1
}
